
Microsoft Visual Studio Solution File, Format Version 12.00
# Visual Studio 15
Project("{FAE04EC0-301F-11D3-BF4B-00C04F79EFBC}") = "Assembly-CSharp", "Assembly-CSharp.csproj", "{0D06E10D-197B-2D49-D6E9-5993C31522ED}"
EndProject
Project("{FAE04EC0-301F-11D3-BF4B-00C04F79EFBC}") = "Assembly-CSharp-firstpass", "Assembly-CSharp-firstpass.csproj", "{F400CC75-4CFF-5515-ACF3-88B0800656BC}"
EndProject
Project("{FAE04EC0-301F-11D3-BF4B-00C04F79EFBC}") = "Assembly-CSharp-Editor", "Assembly-CSharp-Editor.csproj", "{F9C85419-3DB5-D48B-112F-83FD573244A0}"
EndProject
Project("{FAE04EC0-301F-11D3-BF4B-00C04F79EFBC}") = "Assembly-CSharp-Editor-firstpass", "Assembly-CSharp-Editor-firstpass.csproj", "{E3BF44A9-4650-867F-F477-711098736D64}"
EndProject
Global
	GlobalSection(SolutionConfigurationPlatforms) = preSolution
		Debug|Any CPU = Debug|Any CPU
		Release|Any CPU = Release|Any CPU
	EndGlobalSection
	GlobalSection(ProjectConfigurationPlatforms) = postSolution
		{0D06E10D-197B-2D49-D6E9-5993C31522ED}.Debug|Any CPU.ActiveCfg = Debug|Any CPU
		{0D06E10D-197B-2D49-D6E9-5993C31522ED}.Debug|Any CPU.Build.0 = Debug|Any CPU
		{0D06E10D-197B-2D49-D6E9-5993C31522ED}.Release|Any CPU.ActiveCfg = Release|Any CPU
		{0D06E10D-197B-2D49-D6E9-5993C31522ED}.Release|Any CPU.Build.0 = Release|Any CPU
		{F400CC75-4CFF-5515-ACF3-88B0800656BC}.Debug|Any CPU.ActiveCfg = Debug|Any CPU
		{F400CC75-4CFF-5515-ACF3-88B0800656BC}.Debug|Any CPU.Build.0 = Debug|Any CPU
		{F400CC75-4CFF-5515-ACF3-88B0800656BC}.Release|Any CPU.ActiveCfg = Release|Any CPU
		{F400CC75-4CFF-5515-ACF3-88B0800656BC}.Release|Any CPU.Build.0 = Release|Any CPU
		{F9C85419-3DB5-D48B-112F-83FD573244A0}.Debug|Any CPU.ActiveCfg = Debug|Any CPU
		{F9C85419-3DB5-D48B-112F-83FD573244A0}.Debug|Any CPU.Build.0 = Debug|Any CPU
		{F9C85419-3DB5-D48B-112F-83FD573244A0}.Release|Any CPU.ActiveCfg = Release|Any CPU
		{F9C85419-3DB5-D48B-112F-83FD573244A0}.Release|Any CPU.Build.0 = Release|Any CPU
		{E3BF44A9-4650-867F-F477-711098736D64}.Debug|Any CPU.ActiveCfg = Debug|Any CPU
		{E3BF44A9-4650-867F-F477-711098736D64}.Debug|Any CPU.Build.0 = Debug|Any CPU
		{E3BF44A9-4650-867F-F477-711098736D64}.Release|Any CPU.ActiveCfg = Release|Any CPU
		{E3BF44A9-4650-867F-F477-711098736D64}.Release|Any CPU.Build.0 = Release|Any CPU
	EndGlobalSection
	GlobalSection(SolutionProperties) = preSolution
		HideSolutionNode = FALSE
	EndGlobalSection
EndGlobal
